
Microsoft Visual Studio Solution File, Format Version 11.00
# Visual Studio 2010
Project("{FAE04EC0-301F-11D3-BF4B-00C04F79EFBC}") = "ApiParser", "ApiParser\ApiParser.csproj", "{B4D0F1CC-A5D5-416C-BB12-031E61C4A47D}"
EndProject
Project("{FAE04EC0-301F-11D3-BF4B-00C04F79EFBC}") = "ManagedApiBuilder", "ManagedApiBuilder\ManagedApiBuilder.csproj", "{D7E6E4EC-075B-43F3-8B88-C65C43C25867}"
EndProject
Project("{FAE04EC0-301F-11D3-BF4B-00C04F79EFBC}") = "SpotifySharp", "SpotifySharp\SpotifySharp.csproj", "{39F7268A-8C23-4434-95AA-2DE39A8AEE36}"
EndProject
Global
	GlobalSection(SolutionConfigurationPlatforms) = preSolution
		Debug|Any CPU = Debug|Any CPU
		Debug|Mixed Platforms = Debug|Mixed Platforms
		Debug|x86 = Debug|x86
		Release|Any CPU = Release|Any CPU
		Release|Mixed Platforms = Release|Mixed Platforms
		Release|x86 = Release|x86
	EndGlobalSection
	GlobalSection(ProjectConfigurationPlatforms) = postSolution
		{B4D0F1CC-A5D5-416C-BB12-031E61C4A47D}.Debug|Any CPU.ActiveCfg = Debug|x86
		{B4D0F1CC-A5D5-416C-BB12-031E61C4A47D}.Debug|Mixed Platforms.ActiveCfg = Debug|x86
		{B4D0F1CC-A5D5-416C-BB12-031E61C4A47D}.Debug|Mixed Platforms.Build.0 = Debug|x86
		{B4D0F1CC-A5D5-416C-BB12-031E61C4A47D}.Debug|x86.ActiveCfg = Debug|x86
		{B4D0F1CC-A5D5-416C-BB12-031E61C4A47D}.Debug|x86.Build.0 = Debug|x86
		{B4D0F1CC-A5D5-416C-BB12-031E61C4A47D}.Release|Any CPU.ActiveCfg = Release|x86
		{B4D0F1CC-A5D5-416C-BB12-031E61C4A47D}.Release|Mixed Platforms.ActiveCfg = Release|x86
		{B4D0F1CC-A5D5-416C-BB12-031E61C4A47D}.Release|Mixed Platforms.Build.0 = Release|x86
		{B4D0F1CC-A5D5-416C-BB12-031E61C4A47D}.Release|x86.ActiveCfg = Release|x86
		{B4D0F1CC-A5D5-416C-BB12-031E61C4A47D}.Release|x86.Build.0 = Release|x86
		{D7E6E4EC-075B-43F3-8B88-C65C43C25867}.Debug|Any CPU.ActiveCfg = Debug|x86
		{D7E6E4EC-075B-43F3-8B88-C65C43C25867}.Debug|Mixed Platforms.ActiveCfg = Debug|x86
		{D7E6E4EC-075B-43F3-8B88-C65C43C25867}.Debug|Mixed Platforms.Build.0 = Debug|x86
		{D7E6E4EC-075B-43F3-8B88-C65C43C25867}.Debug|x86.ActiveCfg = Debug|x86
		{D7E6E4EC-075B-43F3-8B88-C65C43C25867}.Debug|x86.Build.0 = Debug|x86
		{D7E6E4EC-075B-43F3-8B88-C65C43C25867}.Release|Any CPU.ActiveCfg = Release|x86
		{D7E6E4EC-075B-43F3-8B88-C65C43C25867}.Release|Mixed Platforms.ActiveCfg = Release|x86
		{D7E6E4EC-075B-43F3-8B88-C65C43C25867}.Release|Mixed Platforms.Build.0 = Release|x86
		{D7E6E4EC-075B-43F3-8B88-C65C43C25867}.Release|x86.ActiveCfg = Release|x86
		{D7E6E4EC-075B-43F3-8B88-C65C43C25867}.Release|x86.Build.0 = Release|x86
		{39F7268A-8C23-4434-95AA-2DE39A8AEE36}.Debug|Any CPU.ActiveCfg = Debug|Any CPU
		{39F7268A-8C23-4434-95AA-2DE39A8AEE36}.Debug|Any CPU.Build.0 = Debug|Any CPU
		{39F7268A-8C23-4434-95AA-2DE39A8AEE36}.Debug|Mixed Platforms.ActiveCfg = Debug|Any CPU
		{39F7268A-8C23-4434-95AA-2DE39A8AEE36}.Debug|Mixed Platforms.Build.0 = Debug|Any CPU
		{39F7268A-8C23-4434-95AA-2DE39A8AEE36}.Debug|x86.ActiveCfg = Debug|Any CPU
		{39F7268A-8C23-4434-95AA-2DE39A8AEE36}.Release|Any CPU.ActiveCfg = Release|Any CPU
		{39F7268A-8C23-4434-95AA-2DE39A8AEE36}.Release|Any CPU.Build.0 = Release|Any CPU
		{39F7268A-8C23-4434-95AA-2DE39A8AEE36}.Release|Mixed Platforms.ActiveCfg = Release|Any CPU
		{39F7268A-8C23-4434-95AA-2DE39A8AEE36}.Release|Mixed Platforms.Build.0 = Release|Any CPU
		{39F7268A-8C23-4434-95AA-2DE39A8AEE36}.Release|x86.ActiveCfg = Release|Any CPU
	EndGlobalSection
	GlobalSection(SolutionProperties) = preSolution
		HideSolutionNode = FALSE
	EndGlobalSection
EndGlobal
